<Solution>
  <Folder Name="/src/">
    <Project Path="src/GenericMath/GenericMath.csproj" />
    <Project Path="src/HW2IFF/HW2IFF.csproj" />
    <Project Path="src/CFHodEd.Math/CFHodEd.Math.csproj" />
    <Project Path="src/GenericMesh/GenericMesh.csproj" />
    <Project Path="src/GMWavObjT/GMWavObjT.csproj" />
    <Project Path="src/HW2MAD/HW2MAD.csproj" />
  </Folder>
</Solution>
